
Microsoft Visual Studio Solution File, Format Version 12.00
# Visual Studio Version 17
VisualStudioVersion = 17.0.32112.339
MinimumVisualStudioVersion = 10.0.40219.1
Project("{FAE04EC0-301F-11D3-BF4B-00C04F79EFBC}") = "Hotel", "Hotel\Hotel.csproj", "{F973448A-3C51-46AD-942F-9211ACACE15A}"
EndProject
Project("{FAE04EC0-301F-11D3-BF4B-00C04F79EFBC}") = "ProjectTest", "ProjectTest\ProjectTest.csproj", "{3BE69A10-B98A-407E-A1CE-6D06706FCAAD}"
EndProject
Global
	GlobalSection(SolutionConfigurationPlatforms) = preSolution
		Debug|Any CPU = Debug|Any CPU
		Release|Any CPU = Release|Any CPU
	EndGlobalSection
	GlobalSection(ProjectConfigurationPlatforms) = postSolution
		{F973448A-3C51-46AD-942F-9211ACACE15A}.Debug|Any CPU.ActiveCfg = Debug|Any CPU
		{F973448A-3C51-46AD-942F-9211ACACE15A}.Debug|Any CPU.Build.0 = Debug|Any CPU
		{F973448A-3C51-46AD-942F-9211ACACE15A}.Release|Any CPU.ActiveCfg = Release|Any CPU
		{F973448A-3C51-46AD-942F-9211ACACE15A}.Release|Any CPU.Build.0 = Release|Any CPU
		{3BE69A10-B98A-407E-A1CE-6D06706FCAAD}.Debug|Any CPU.ActiveCfg = Debug|Any CPU
		{3BE69A10-B98A-407E-A1CE-6D06706FCAAD}.Debug|Any CPU.Build.0 = Debug|Any CPU
		{3BE69A10-B98A-407E-A1CE-6D06706FCAAD}.Release|Any CPU.ActiveCfg = Release|Any CPU
		{3BE69A10-B98A-407E-A1CE-6D06706FCAAD}.Release|Any CPU.Build.0 = Release|Any CPU
	EndGlobalSection
	GlobalSection(SolutionProperties) = preSolution
		HideSolutionNode = FALSE
	EndGlobalSection
	GlobalSection(ExtensibilityGlobals) = postSolution
		SolutionGuid = {0E72605D-4F40-46F3-A63A-71817BCE9B65}
	EndGlobalSection
EndGlobal
